
Microsoft Visual Studio Solution File, Format Version 12.00
# Visual Studio Version 17
VisualStudioVersion = 17.10.35122.118
MinimumVisualStudioVersion = 10.0.40219.1
Project("{FAE04EC0-301F-11D3-BF4B-00C04F79EFBC}") = "TPC-Equipo-22B", "TPC-Equipo-22B\TPC-Equipo-22B.csproj", "{DFF4E8C0-695D-4CDD-85D2-AD95EF78C461}"
EndProject
Project("{FAE04EC0-301F-11D3-BF4B-00C04F79EFBC}") = "dominio", "dominio\dominio.csproj", "{31628DAE-A5E5-40B0-96C1-58696087CD5B}"
EndProject
Project("{FAE04EC0-301F-11D3-BF4B-00C04F79EFBC}") = "negocio", "negocio\negocio.csproj", "{3A9D61C3-ACD5-44B2-818B-6B7536775334}"
EndProject
Global
	GlobalSection(SolutionConfigurationPlatforms) = preSolution
		Debug|Any CPU = Debug|Any CPU
		Release|Any CPU = Release|Any CPU
	EndGlobalSection
	GlobalSection(ProjectConfigurationPlatforms) = postSolution
		{DFF4E8C0-695D-4CDD-85D2-AD95EF78C461}.Debug|Any CPU.ActiveCfg = Debug|Any CPU
		{DFF4E8C0-695D-4CDD-85D2-AD95EF78C461}.Debug|Any CPU.Build.0 = Debug|Any CPU
		{DFF4E8C0-695D-4CDD-85D2-AD95EF78C461}.Release|Any CPU.ActiveCfg = Release|Any CPU
		{DFF4E8C0-695D-4CDD-85D2-AD95EF78C461}.Release|Any CPU.Build.0 = Release|Any CPU
		{31628DAE-A5E5-40B0-96C1-58696087CD5B}.Debug|Any CPU.ActiveCfg = Debug|Any CPU
		{31628DAE-A5E5-40B0-96C1-58696087CD5B}.Debug|Any CPU.Build.0 = Debug|Any CPU
		{31628DAE-A5E5-40B0-96C1-58696087CD5B}.Release|Any CPU.ActiveCfg = Release|Any CPU
		{31628DAE-A5E5-40B0-96C1-58696087CD5B}.Release|Any CPU.Build.0 = Release|Any CPU
		{3A9D61C3-ACD5-44B2-818B-6B7536775334}.Debug|Any CPU.ActiveCfg = Debug|Any CPU
		{3A9D61C3-ACD5-44B2-818B-6B7536775334}.Debug|Any CPU.Build.0 = Debug|Any CPU
		{3A9D61C3-ACD5-44B2-818B-6B7536775334}.Release|Any CPU.ActiveCfg = Release|Any CPU
		{3A9D61C3-ACD5-44B2-818B-6B7536775334}.Release|Any CPU.Build.0 = Release|Any CPU
	EndGlobalSection
	GlobalSection(SolutionProperties) = preSolution
		HideSolutionNode = FALSE
	EndGlobalSection
	GlobalSection(ExtensibilityGlobals) = postSolution
		SolutionGuid = {D0DE083E-2F33-4B9C-BA9E-B2ECB0DF9C68}
	EndGlobalSection
EndGlobal
